
Microsoft Visual Studio Solution File, Format Version 12.00
# Visual Studio Version 17
VisualStudioVersion = 17.4.33103.184
MinimumVisualStudioVersion = 10.0.40219.1
Project("{FAE04EC0-301F-11D3-BF4B-00C04F79EFBC}") = "UserMaintenance", "UserMaintenance\UserMaintenance.csproj", "{08A71947-070F-4EAA-879D-FF62FF278776}"
EndProject
Global
	GlobalSection(SolutionConfigurationPlatforms) = preSolution
		Debug|Any CPU = Debug|Any CPU
		Release|Any CPU = Release|Any CPU
	EndGlobalSection
	GlobalSection(ProjectConfigurationPlatforms) = postSolution
		{08A71947-070F-4EAA-879D-FF62FF278776}.Debug|Any CPU.ActiveCfg = Debug|Any CPU
		{08A71947-070F-4EAA-879D-FF62FF278776}.Debug|Any CPU.Build.0 = Debug|Any CPU
		{08A71947-070F-4EAA-879D-FF62FF278776}.Release|Any CPU.ActiveCfg = Release|Any CPU
		{08A71947-070F-4EAA-879D-FF62FF278776}.Release|Any CPU.Build.0 = Release|Any CPU
	EndGlobalSection
	GlobalSection(SolutionProperties) = preSolution
		HideSolutionNode = FALSE
	EndGlobalSection
	GlobalSection(ExtensibilityGlobals) = postSolution
		SolutionGuid = {1480A230-827B-41AA-A7D2-366F02B16554}
	EndGlobalSection
EndGlobal
